<?xml version="1.0" encoding="utf-8"?>
<Project ToolsVersion="4.0" xmlns="http://schemas.microsoft.com/developer/msbuild/2003">
  <ItemGroup>
    <Filter Include="Resource Files">
      <UniqueIdentifier>{67DA6AB6-F800-4c08-8B7A-83BB121AAD01}</UniqueIdentifier>
      <Extensions>rc;ico;cur;bmp;dlg;rc2;rct;bin;rgs;gif;jpg;jpeg;jpe;resx;tiff;tif;png;wav;mfcribbon-ms</Extensions>
    </Filter>
  </ItemGroup>
  <ItemGroup>
    <ClCompile Include="..\CustomMoblet.cpp" />
    <ClCompile Include="..\Encoder.cpp" />
    <ClCompile Include="..\FileUtil.cpp" />
    <ClCompile Include="..\FunTable.cpp" />
    <ClCompile Include="..\HighLevelBinaryDownloader.cpp" />
    <ClCompile Include="..\HighLevelHttpConnection.cpp" />
    <ClCompile Include="..\HighLevelImageDownloader.cpp" />
    <ClCompile Include="..\HighLevelTextDownloader.cpp" />
    <ClCompile Include="..\HybridMoblet.cpp" />
    <ClCompile Include="..\MessageHandler.cpp" />
    <ClCompile Include="..\MessageProtocol.cpp" />
    <ClCompile Include="..\MessageStream.cpp" />
    <ClCompile Include="..\MessageStreamJSON.cpp" />
    <ClCompile Include="..\WebAppMoblet.cpp" />
    <ClCompile Include="..\WebViewMessage.cpp" />
    <ClCompile Include="..\Libs\JSNativeUI\NativeUIMessageHandler.cpp" />
    <ClCompile Include="..\Libs\JSNativeUI\ResourceMessageHandler.cpp" />
    <ClCompile Include="..\Libs\JSONMessage.cpp" />
    <ClCompile Include="..\Libs\Notification\PushNotificationManager.cpp" />
    <ClCompile Include="..\Libs\Notification\TCPConnection.cpp" />
    <ClCompile Include="..\Libs\PhoneGap\PhoneGapCamera.cpp" />
    <ClCompile Include="..\Libs\PhoneGap\PhoneGapCapture.cpp" />
    <ClCompile Include="..\Libs\PhoneGap\PhoneGapFile.cpp" />
    <ClCompile Include="..\Libs\PhoneGap\PhoneGapMessageHandler.cpp" />
    <ClCompile Include="..\Libs\PhoneGap\PhoneGapSensors.cpp" />
    <ClCompile Include="..\Libs\W3C\SensorManager.cpp" />
    <ClCompile Include="..\Libs\PhoneGap\PhoneGapFileUtils.cpp" />
    <ClCompile Include="..\Libs\Extensions\ExtensionMessageHandler.cpp" />
    <ClCompile Include="..\Libs\Orientation\OrientationMessageHandler.cpp" />
  </ItemGroup>
</Project>